<?xml version="1.0" encoding="utf-8"?>
<Project ToolsVersion="4.0" xmlns="http://schemas.microsoft.com/developer/msbuild/2003">
  <ItemGroup>
    <Filter Include="Source Files">
      <UniqueIdentifier>{4FC737F1-C7A5-4376-A066-2A32D752A2FF}</UniqueIdentifier>
      <Extensions>cpp;c;cc;cxx;def;odl;idl;hpj;bat;asm;asmx</Extensions>
    </Filter>
    <Filter Include="Header Files">
      <UniqueIdentifier>{93995380-89BD-4b04-88EB-625FBE52EBFB}</UniqueIdentifier>
      <Extensions>h;hh;hpp;hxx;hm;inl;inc;xsd</Extensions>
    </Filter>
    <Filter Include="Resources">
      <UniqueIdentifier>{4c37d282-f38b-4389-aa54-048be4ba2088}</UniqueIdentifier>
    </Filter>
  </ItemGroup>
  <ItemGroup>
    <ClCompile Include="Sources\moviFilterApiTests.cpp">
      <Filter>Source Files</Filter>
    </ClCompile>
    <ClCompile Include="Sources\warpFilterApiTest.cpp">
      <Filter>Source Files</Filter>
    </ClCompile>
    <ClCompile Include="Sources\warpResources.cpp">
      <Filter>Source Files</Filter>
    </ClCompile>
    <ClCompile Include="Sources\stereoResources.cpp">
      <Filter>Source Files</Filter>
    </ClCompile>
    <ClCompile Include="Sources\stereoFilterApiTest.cpp">
      <Filter>Source Files</Filter>
    </ClCompile>
    <ClCompile Include="Sources\filterApiTestsUtils.cpp">
      <Filter>Source Files</Filter>
    </ClCompile>
    <ClCompile Include="Sources\dpuFilterApiTest.cpp">
      <Filter>Source Files</Filter>
    </ClCompile>
  </ItemGroup>
  <ItemGroup>
    <ClInclude Include="Includes\warpFilterApiTest.h">
      <Filter>Header Files</Filter>
    </ClInclude>
    <ClInclude Include="Includes\warpResources.h">
      <Filter>Header Files</Filter>
    </ClInclude>
    <ClInclude Include="Includes\stereoFilterApiTest.h">
      <Filter>Header Files</Filter>
    </ClInclude>
    <ClInclude Include="Includes\filterApiTestsUtils.h">
      <Filter>Header Files</Filter>
    </ClInclude>
    <ClInclude Include="Includes\stereoResourcesCt.h">
      <Filter>Header Files</Filter>
    </ClInclude>
    <ClInclude Include="Includes\stereoResourcesCtCm.h">
      <Filter>Header Files</Filter>
    </ClInclude>
    <ClInclude Include="Includes\dpuFilterApiTest.h">
      <Filter>Header Files</Filter>
    </ClInclude>
    <ClInclude Include="Includes\dpuResources.h">
      <Filter>Header Files</Filter>
    </ClInclude>
  </ItemGroup>
  <ItemGroup>
    <None Include="Resources\moto_L_640x32.raw">
      <Filter>Resources</Filter>
    </None>
    <None Include="Resources\moto_L_640x32_10bit_FLAT.raw">
      <Filter>Resources</Filter>
    </None>
    <None Include="Resources\moto_L_640x32_10bit_PACK.raw">
      <Filter>Resources</Filter>
    </None>
    <None Include="Resources\moto_R_640x32.raw">
      <Filter>Resources</Filter>
    </None>
    <None Include="Resources\moto_R_640x32_10bit_FLAT.raw">
      <Filter>Resources</Filter>
    </None>
    <None Include="Resources\moto_R_640x32_10bit_PACK.raw">
      <Filter>Resources</Filter>
    </None>
  </ItemGroup>
</Project>